
Microsoft Visual Studio Solution File, Format Version 12.00
#
Project("{FAE04EC0-301F-11D3-BF4B-00C04F79EFBC}") = "NPipeline", "src\NPipeline\NPipeline.csproj", "{539C401F-7C7A-4C81-8495-76750EF66984}"
EndProject
Project("{FAE04EC0-301F-11D3-BF4B-00C04F79EFBC}") = "NPipeline.Analyzers", "src\NPipeline.Analyzers\NPipeline.Analyzers.csproj", "{E7F8B9C1-2D3E-4F5A-8B1C-9D4E5F6A7B8C}"
EndProject
Project("{FAE04EC0-301F-11D3-BF4B-00C04F79EFBC}") = "NPipeline.Tests", "tests\NPipeline.Tests\NPipeline.Tests.csproj", "{C539C2BB-5FF5-45B1-9D16-C8E0F2FBDD41}"
EndProject
Project("{2150E333-8FDC-42A3-9474-1A3956D46DE8}") = "Tests", "Tests", "{8EBB6475-2F6E-44CF-ABEB-C21A05B26825}"
EndProject
Project("{FAE04EC0-301F-11D3-BF4B-00C04F79EFBC}") = "NPipeline.Connectors", "src\NPipeline.Connectors\NPipeline.Connectors.csproj", "{59865DA5-DDC2-4B6A-B275-21E025C54BE8}"
EndProject
Project("{FAE04EC0-301F-11D3-BF4B-00C04F79EFBC}") = "NPipeline.Connectors.Csv", "src\NPipeline.Connectors.Csv\NPipeline.Connectors.Csv.csproj", "{86D7DC74-FF00-4CF6-97C8-548E610C79DD}"
EndProject
Project("{2150E333-8FDC-42A3-9474-1A3956D46DE8}") = "Connectors", "Connectors", "{E8263C69-F8DE-4319-B7BD-DED6BA0401B4}"
EndProject
Project("{2150E333-8FDC-42A3-9474-1A3956D46DE8}") = "Benchmarks", "Benchmarks", "{58D4A50D-943D-427B-999E-178DC2F65C4D}"
EndProject
Project("{2150E333-8FDC-42A3-9474-1A3956D46DE8}") = "Samples", "Samples", "{2117093A-CC66-4607-8DBC-F692E0642ADD}"
EndProject
Project("{FAE04EC0-301F-11D3-BF4B-00C04F79EFBC}") = "NPipeline.Extensions.DependencyInjection", "src\NPipeline.Extensions.DependencyInjection\NPipeline.Extensions.DependencyInjection.csproj", "{B415C297-2A20-4D87-8CC1-710EDF97CFAB}"
EndProject
Project("{FAE04EC0-301F-11D3-BF4B-00C04F79EFBC}") = "NPipeline.Extensions.Parallelism", "src\NPipeline.Extensions.Parallelism\NPipeline.Extensions.Parallelism.csproj", "{328DBFD9-56BA-4E69-B0FD-D5EB45BF4846}"
EndProject
Project("{FAE04EC0-301F-11D3-BF4B-00C04F79EFBC}") = "NPipeline.Extensions.Testing", "src\NPipeline.Extensions.Testing\NPipeline.Extensions.Testing.csproj", "{4270A063-0CF0-44E2-A697-96A5B7BCD126}"
EndProject
Project("{FAE04EC0-301F-11D3-BF4B-00C04F79EFBC}") = "NPipeline.Extensions.Testing.FluentAssertions", "src\NPipeline.Extensions.Testing.FluentAssertions\NPipeline.Extensions.Testing.FluentAssertions.csproj", "{D4718F75-C1C3-409E-A099-B8FA6E6D15C5}"
EndProject
Project("{2150E333-8FDC-42A3-9474-1A3956D46DE8}") = "Extensions", "Extensions", "{09D2BF57-FE3E-4453-A8C5-C6FE30E8E88C}"
EndProject
Project("{FAE04EC0-301F-11D3-BF4B-00C04F79EFBC}") = "NPipeline.Tests.Common", "tests\NPipeline.Tests.Common\NPipeline.Tests.Common.csproj", "{293B6B04-ABE3-4C24-B8C0-93707C29CB5E}"
EndProject
Project("{FAE04EC0-301F-11D3-BF4B-00C04F79EFBC}") = "NPipeline.Connectors.Tests", "tests\NPipeline.Connectors.Tests\NPipeline.Connectors.Tests.csproj", "{D7251005-DBDD-414E-A737-A775C0505037}"
EndProject
Project("{FAE04EC0-301F-11D3-BF4B-00C04F79EFBC}") = "NPipeline.Extensions.DependencyInjection.Tests", "tests\NPipeline.Extensions.DependencyInjection.Tests\NPipeline.Extensions.DependencyInjection.Tests.csproj", "{442669E8-AD37-4479-B3D2-49F166442549}"
EndProject
Project("{FAE04EC0-301F-11D3-BF4B-00C04F79EFBC}") = "NPipeline.Extensions.Parallelism.Tests", "tests\NPipeline.Extensions.Parallelism.Tests\NPipeline.Extensions.Parallelism.Tests.csproj", "{24091325-714F-4C0A-91B5-F17359ACF177}"
EndProject
Project("{FAE04EC0-301F-11D3-BF4B-00C04F79EFBC}") = "NPipeline.Extensions.Testing.AwesomeAssertions", "src\NPipeline.Extensions.Testing.AwesomeAssertions\NPipeline.Extensions.Testing.AwesomeAssertions.csproj", "{A1B2C3D4-E5F6-7890-ABCD-EF1234567890}"
EndProject
Project("{FAE04EC0-301F-11D3-BF4B-00C04F79EFBC}") = "NPipeline.Extensions.Testing.Tests", "tests\NPipeline.Extensions.Testing.Tests\NPipeline.Extensions.Testing.Tests.csproj", "{CF37D574-6377-4BA5-9449-0661E97DB7F2}"
EndProject
Project("{FAE04EC0-301F-11D3-BF4B-00C04F79EFBC}") = "NPipeline.Benchmarks", "benchmarks\NPipeline.Benchmarks\NPipeline.Benchmarks.csproj", "{DAC9FDA5-CC14-49D3-87F8-C03DB38D4868}"
EndProject
Project("{FAE04EC0-301F-11D3-BF4B-00C04F79EFBC}") = "NPipeline.Analyzers.Tests", "tests\NPipeline.Analyzers.Tests\NPipeline.Analyzers.Tests.csproj", "{3B23420F-86D4-46AD-846F-854423C7B06F}"
EndProject
Project("{FAE04EC0-301F-11D3-BF4B-00C04F79EFBC}") = "Sample_01_BasicPipeline", "samples\Sample_01_BasicPipeline\Sample_01_BasicPipeline.csproj", "{D217C115-1D1F-4883-AD81-DED2E5A15A18}"
EndProject
Project("{FAE04EC0-301F-11D3-BF4B-00C04F79EFBC}") = "Sample_02_FileProcessing", "samples\Sample_02_FileProcessing\Sample_02_FileProcessing.csproj", "{5D113E34-0153-4064-8B4D-04F344337182}"
EndProject
Project("{FAE04EC0-301F-11D3-BF4B-00C04F79EFBC}") = "Sample_03_BasicErrorHandling", "samples\Sample_03_BasicErrorHandling\Sample_03_BasicErrorHandling.csproj", "{955EF134-EA4C-472A-B972-43C0160C8271}"
EndProject
Project("{FAE04EC0-301F-11D3-BF4B-00C04F79EFBC}") = "Sample_04_SimpleDataTransformation", "samples\Sample_04_SimpleDataTransformation\Sample_04_SimpleDataTransformation.csproj", "{66EC6D71-4BAE-4FC1-BBE4-DC65A1254A11}"
EndProject
Project("{FAE04EC0-301F-11D3-BF4B-00C04F79EFBC}") = "Sample_05_ParallelProcessing", "samples\Sample_05_ParallelProcessing\Sample_05_ParallelProcessing.csproj", "{AB507002-3328-4E30-ABD4-F46AD48726AC}"
EndProject
Project("{FAE04EC0-301F-11D3-BF4B-00C04F79EFBC}") = "Sample_06_AdvancedErrorHandling", "samples\Sample_06_AdvancedErrorHandling\Sample_06_AdvancedErrorHandling.csproj", "{1F443676-D19E-4314-872C-870EBE2BBD64}"
EndProject
Project("{FAE04EC0-301F-11D3-BF4B-00C04F79EFBC}") = "Sample_07_StreamingAnalytics", "samples\Sample_07_StreamingAnalytics\Sample_07_StreamingAnalytics.csproj", "{CC19A0E2-39CB-4CAB-9ACF-0D9C5365E74B}"
EndProject
Project("{FAE04EC0-301F-11D3-BF4B-00C04F79EFBC}") = "Sample_08_CustomNodeImplementation", "samples\Sample_08_CustomNodeImplementation\Sample_08_CustomNodeImplementation.csproj", "{0BAE0500-D6B5-4AA7-9049-250E41134889}"
EndProject
Project("{FAE04EC0-301F-11D3-BF4B-00C04F79EFBC}") = "Sample_09_PerformanceOptimization", "samples\Sample_09_PerformanceOptimization\Sample_09_PerformanceOptimization.csproj", "{A96553FE-8EF2-46A7-80E6-54B29132F250}"
EndProject
Project("{FAE04EC0-301F-11D3-BF4B-00C04F79EFBC}") = "Sample_10_ComplexDataTransformations", "samples\Sample_10_ComplexDataTransformations\Sample_10_ComplexDataTransformations.csproj", "{E784EFDA-287D-4F42-9304-A76BE16102A2}"
EndProject
Project("{FAE04EC0-301F-11D3-BF4B-00C04F79EFBC}") = "Sample_11_CsvConnector", "samples\Sample_11_CsvConnector\Sample_11_CsvConnector.csproj", "{575147B7-334D-4982-B505-671C658A5AF8}"
EndProject
Project("{FAE04EC0-301F-11D3-BF4B-00C04F79EFBC}") = "Sample_12_BatchingNode", "samples\Sample_12_BatchingNode\Sample_12_BatchingNode.csproj", "{EEBA0367-6627-4DDE-9A75-AC997447CFD4}"
EndProject
Project("{FAE04EC0-301F-11D3-BF4B-00C04F79EFBC}") = "Sample_13_KeyedJoinNode", "samples\Sample_13_KeyedJoinNode\Sample_13_KeyedJoinNode.csproj", "{02D3744C-FF8A-4330-B6D5-AEE3EC2C1D42}"
EndProject
Project("{FAE04EC0-301F-11D3-BF4B-00C04F79EFBC}") = "Sample_14_TimeWindowedJoinNode", "samples\Sample_14_TimeWindowedJoinNode\Sample_14_TimeWindowedJoinNode.csproj", "{4B2142F2-969D-42BE-9ADB-4995B90DE563}"
EndProject
Project("{FAE04EC0-301F-11D3-BF4B-00C04F79EFBC}") = "Sample_15_TapNode", "samples\Sample_15_TapNode\Sample_15_TapNode.csproj", "{86BC6E1E-6717-4271-946F-E9FEAD775BEC}"
EndProject
Project("{FAE04EC0-301F-11D3-BF4B-00C04F79EFBC}") = "Sample_16_TypeConversionNode", "samples\Sample_16_TypeConversionNode\Sample_16_TypeConversionNode.csproj", "{949D17D1-80FC-4E9F-94AF-9D934B2A9482}"
EndProject
Global
	GlobalSection(SolutionConfigurationPlatforms) = preSolution
		Debug|Any CPU = Debug|Any CPU
		Release|Any CPU = Release|Any CPU
	EndGlobalSection
	GlobalSection(ProjectConfigurationPlatforms) = postSolution
		{539C401F-7C7A-4C81-8495-76750EF66984}.Debug|Any CPU.ActiveCfg = Debug|Any CPU
		{539C401F-7C7A-4C81-8495-76750EF66984}.Debug|Any CPU.Build.0 = Debug|Any CPU
		{539C401F-7C7A-4C81-8495-76750EF66984}.Release|Any CPU.ActiveCfg = Release|Any CPU
		{539C401F-7C7A-4C81-8495-76750EF66984}.Release|Any CPU.Build.0 = Release|Any CPU
		{C539C2BB-5FF5-45B1-9D16-C8E0F2FBDD41}.Debug|Any CPU.ActiveCfg = Debug|Any CPU
		{C539C2BB-5FF5-45B1-9D16-C8E0F2FBDD41}.Debug|Any CPU.Build.0 = Debug|Any CPU
		{C539C2BB-5FF5-45B1-9D16-C8E0F2FBDD41}.Release|Any CPU.ActiveCfg = Release|Any CPU
		{C539C2BB-5FF5-45B1-9D16-C8E0F2FBDD41}.Release|Any CPU.Build.0 = Release|Any CPU
		{59865DA5-DDC2-4B6A-B275-21E025C54BE8}.Debug|Any CPU.ActiveCfg = Debug|Any CPU
		{59865DA5-DDC2-4B6A-B275-21E025C54BE8}.Debug|Any CPU.Build.0 = Debug|Any CPU
		{59865DA5-DDC2-4B6A-B275-21E025C54BE8}.Release|Any CPU.ActiveCfg = Release|Any CPU
		{59865DA5-DDC2-4B6A-B275-21E025C54BE8}.Release|Any CPU.Build.0 = Release|Any CPU
		{86D7DC74-FF00-4CF6-97C8-548E610C79DD}.Debug|Any CPU.ActiveCfg = Debug|Any CPU
		{86D7DC74-FF00-4CF6-97C8-548E610C79DD}.Debug|Any CPU.Build.0 = Debug|Any CPU
		{86D7DC74-FF00-4CF6-97C8-548E610C79DD}.Release|Any CPU.ActiveCfg = Release|Any CPU
		{86D7DC74-FF00-4CF6-97C8-548E610C79DD}.Release|Any CPU.Build.0 = Release|Any CPU
		{B415C297-2A20-4D87-8CC1-710EDF97CFAB}.Debug|Any CPU.ActiveCfg = Debug|Any CPU
		{B415C297-2A20-4D87-8CC1-710EDF97CFAB}.Debug|Any CPU.Build.0 = Debug|Any CPU
		{B415C297-2A20-4D87-8CC1-710EDF97CFAB}.Release|Any CPU.ActiveCfg = Release|Any CPU
		{B415C297-2A20-4D87-8CC1-710EDF97CFAB}.Release|Any CPU.Build.0 = Release|Any CPU
		{328DBFD9-56BA-4E69-B0FD-D5EB45BF4846}.Debug|Any CPU.ActiveCfg = Debug|Any CPU
		{328DBFD9-56BA-4E69-B0FD-D5EB45BF4846}.Debug|Any CPU.Build.0 = Debug|Any CPU
		{328DBFD9-56BA-4E69-B0FD-D5EB45BF4846}.Release|Any CPU.ActiveCfg = Release|Any CPU
		{328DBFD9-56BA-4E69-B0FD-D5EB45BF4846}.Release|Any CPU.Build.0 = Release|Any CPU
		{4270A063-0CF0-44E2-A697-96A5B7BCD126}.Debug|Any CPU.ActiveCfg = Debug|Any CPU
		{4270A063-0CF0-44E2-A697-96A5B7BCD126}.Debug|Any CPU.Build.0 = Debug|Any CPU
		{4270A063-0CF0-44E2-A697-96A5B7BCD126}.Release|Any CPU.ActiveCfg = Release|Any CPU
		{4270A063-0CF0-44E2-A697-96A5B7BCD126}.Release|Any CPU.Build.0 = Release|Any CPU
		{D4718F75-C1C3-409E-A099-B8FA6E6D15C5}.Debug|Any CPU.ActiveCfg = Debug|Any CPU
		{D4718F75-C1C3-409E-A099-B8FA6E6D15C5}.Debug|Any CPU.Build.0 = Debug|Any CPU
		{D4718F75-C1C3-409E-A099-B8FA6E6D15C5}.Release|Any CPU.ActiveCfg = Release|Any CPU
		{D4718F75-C1C3-409E-A099-B8FA6E6D15C5}.Release|Any CPU.Build.0 = Release|Any CPU
		{293B6B04-ABE3-4C24-B8C0-93707C29CB5E}.Debug|Any CPU.ActiveCfg = Debug|Any CPU
		{293B6B04-ABE3-4C24-B8C0-93707C29CB5E}.Debug|Any CPU.Build.0 = Debug|Any CPU
		{293B6B04-ABE3-4C24-B8C0-93707C29CB5E}.Release|Any CPU.ActiveCfg = Release|Any CPU
		{293B6B04-ABE3-4C24-B8C0-93707C29CB5E}.Release|Any CPU.Build.0 = Release|Any CPU
		{D7251005-DBDD-414E-A737-A775C0505037}.Debug|Any CPU.ActiveCfg = Debug|Any CPU
		{D7251005-DBDD-414E-A737-A775C0505037}.Debug|Any CPU.Build.0 = Debug|Any CPU
		{D7251005-DBDD-414E-A737-A775C0505037}.Release|Any CPU.ActiveCfg = Release|Any CPU
		{D7251005-DBDD-414E-A737-A775C0505037}.Release|Any CPU.Build.0 = Release|Any CPU
		{442669E8-AD37-4479-B3D2-49F166442549}.Debug|Any CPU.ActiveCfg = Debug|Any CPU
		{442669E8-AD37-4479-B3D2-49F166442549}.Debug|Any CPU.Build.0 = Debug|Any CPU
		{442669E8-AD37-4479-B3D2-49F166442549}.Release|Any CPU.ActiveCfg = Release|Any CPU
		{442669E8-AD37-4479-B3D2-49F166442549}.Release|Any CPU.Build.0 = Release|Any CPU
		{24091325-714F-4C0A-91B5-F17359ACF177}.Debug|Any CPU.ActiveCfg = Debug|Any CPU
		{24091325-714F-4C0A-91B5-F17359ACF177}.Debug|Any CPU.Build.0 = Debug|Any CPU
		{24091325-714F-4C0A-91B5-F17359ACF177}.Release|Any CPU.ActiveCfg = Release|Any CPU
		{24091325-714F-4C0A-91B5-F17359ACF177}.Release|Any CPU.Build.0 = Release|Any CPU
		{A1B2C3D4-E5F6-7890-ABCD-EF1234567890}.Debug|Any CPU.ActiveCfg = Debug|Any CPU
		{A1B2C3D4-E5F6-7890-ABCD-EF1234567890}.Debug|Any CPU.Build.0 = Debug|Any CPU
		{A1B2C3D4-E5F6-7890-ABCD-EF1234567890}.Release|Any CPU.ActiveCfg = Release|Any CPU
		{A1B2C3D4-E5F6-7890-ABCD-EF1234567890}.Release|Any CPU.Build.0 = Release|Any CPU
		{CF37D574-6377-4BA5-9449-0661E97DB7F2}.Debug|Any CPU.ActiveCfg = Debug|Any CPU
		{CF37D574-6377-4BA5-9449-0661E97DB7F2}.Debug|Any CPU.Build.0 = Debug|Any CPU
		{CF37D574-6377-4BA5-9449-0661E97DB7F2}.Release|Any CPU.ActiveCfg = Release|Any CPU
		{CF37D574-6377-4BA5-9449-0661E97DB7F2}.Release|Any CPU.Build.0 = Release|Any CPU
		{DAC9FDA5-CC14-49D3-87F8-C03DB38D4868}.Debug|Any CPU.ActiveCfg = Debug|Any CPU
		{DAC9FDA5-CC14-49D3-87F8-C03DB38D4868}.Debug|Any CPU.Build.0 = Debug|Any CPU
		{DAC9FDA5-CC14-49D3-87F8-C03DB38D4868}.Release|Any CPU.ActiveCfg = Release|Any CPU
		{DAC9FDA5-CC14-49D3-87F8-C03DB38D4868}.Release|Any CPU.Build.0 = Release|Any CPU
		{3B23420F-86D4-46AD-846F-854423C7B06F}.Debug|Any CPU.ActiveCfg = Debug|Any CPU
		{3B23420F-86D4-46AD-846F-854423C7B06F}.Debug|Any CPU.Build.0 = Debug|Any CPU
		{3B23420F-86D4-46AD-846F-854423C7B06F}.Release|Any CPU.ActiveCfg = Release|Any CPU
		{3B23420F-86D4-46AD-846F-854423C7B06F}.Release|Any CPU.Build.0 = Release|Any CPU
		{E7F8B9C1-2D3E-4F5A-8B1C-9D4E5F6A7B8C}.Debug|Any CPU.ActiveCfg = Debug|Any CPU
		{E7F8B9C1-2D3E-4F5A-8B1C-9D4E5F6A7B8C}.Debug|Any CPU.Build.0 = Debug|Any CPU
		{E7F8B9C1-2D3E-4F5A-8B1C-9D4E5F6A7B8C}.Release|Any CPU.ActiveCfg = Release|Any CPU
		{E7F8B9C1-2D3E-4F5A-8B1C-9D4E5F6A7B8C}.Release|Any CPU.Build.0 = Release|Any CPU
		{D217C115-1D1F-4883-AD81-DED2E5A15A18}.Debug|Any CPU.ActiveCfg = Debug|Any CPU
		{D217C115-1D1F-4883-AD81-DED2E5A15A18}.Debug|Any CPU.Build.0 = Debug|Any CPU
		{D217C115-1D1F-4883-AD81-DED2E5A15A18}.Release|Any CPU.ActiveCfg = Release|Any CPU
		{D217C115-1D1F-4883-AD81-DED2E5A15A18}.Release|Any CPU.Build.0 = Release|Any CPU
		{5D113E34-0153-4064-8B4D-04F344337182}.Debug|Any CPU.ActiveCfg = Debug|Any CPU
		{5D113E34-0153-4064-8B4D-04F344337182}.Debug|Any CPU.Build.0 = Debug|Any CPU
		{5D113E34-0153-4064-8B4D-04F344337182}.Release|Any CPU.ActiveCfg = Release|Any CPU
		{5D113E34-0153-4064-8B4D-04F344337182}.Release|Any CPU.Build.0 = Release|Any CPU
		{955EF134-EA4C-472A-B972-43C0160C8271}.Debug|Any CPU.ActiveCfg = Debug|Any CPU
		{955EF134-EA4C-472A-B972-43C0160C8271}.Debug|Any CPU.Build.0 = Debug|Any CPU
		{955EF134-EA4C-472A-B972-43C0160C8271}.Release|Any CPU.ActiveCfg = Release|Any CPU
		{955EF134-EA4C-472A-B972-43C0160C8271}.Release|Any CPU.Build.0 = Release|Any CPU
		{66EC6D71-4BAE-4FC1-BBE4-DC65A1254A11}.Debug|Any CPU.ActiveCfg = Debug|Any CPU
		{66EC6D71-4BAE-4FC1-BBE4-DC65A1254A11}.Debug|Any CPU.Build.0 = Debug|Any CPU
		{66EC6D71-4BAE-4FC1-BBE4-DC65A1254A11}.Release|Any CPU.ActiveCfg = Release|Any CPU
		{66EC6D71-4BAE-4FC1-BBE4-DC65A1254A11}.Release|Any CPU.Build.0 = Release|Any CPU
		{AB507002-3328-4E30-ABD4-F46AD48726AC}.Debug|Any CPU.ActiveCfg = Debug|Any CPU
		{AB507002-3328-4E30-ABD4-F46AD48726AC}.Debug|Any CPU.Build.0 = Debug|Any CPU
		{AB507002-3328-4E30-ABD4-F46AD48726AC}.Release|Any CPU.ActiveCfg = Release|Any CPU
		{AB507002-3328-4E30-ABD4-F46AD48726AC}.Release|Any CPU.Build.0 = Release|Any CPU
		{1F443676-D19E-4314-872C-870EBE2BBD64}.Debug|Any CPU.ActiveCfg = Debug|Any CPU
		{1F443676-D19E-4314-872C-870EBE2BBD64}.Debug|Any CPU.Build.0 = Debug|Any CPU
		{1F443676-D19E-4314-872C-870EBE2BBD64}.Release|Any CPU.ActiveCfg = Release|Any CPU
		{1F443676-D19E-4314-872C-870EBE2BBD64}.Release|Any CPU.Build.0 = Release|Any CPU
		{CC19A0E2-39CB-4CAB-9ACF-0D9C5365E74B}.Debug|Any CPU.ActiveCfg = Debug|Any CPU
		{CC19A0E2-39CB-4CAB-9ACF-0D9C5365E74B}.Debug|Any CPU.Build.0 = Debug|Any CPU
		{CC19A0E2-39CB-4CAB-9ACF-0D9C5365E74B}.Release|Any CPU.ActiveCfg = Release|Any CPU
		{CC19A0E2-39CB-4CAB-9ACF-0D9C5365E74B}.Release|Any CPU.Build.0 = Release|Any CPU
		{0BAE0500-D6B5-4AA7-9049-250E41134889}.Debug|Any CPU.ActiveCfg = Debug|Any CPU
		{0BAE0500-D6B5-4AA7-9049-250E41134889}.Debug|Any CPU.Build.0 = Debug|Any CPU
		{0BAE0500-D6B5-4AA7-9049-250E41134889}.Release|Any CPU.ActiveCfg = Release|Any CPU
		{0BAE0500-D6B5-4AA7-9049-250E41134889}.Release|Any CPU.Build.0 = Release|Any CPU
		{A96553FE-8EF2-46A7-80E6-54B29132F250}.Debug|Any CPU.ActiveCfg = Debug|Any CPU
		{A96553FE-8EF2-46A7-80E6-54B29132F250}.Debug|Any CPU.Build.0 = Debug|Any CPU
		{A96553FE-8EF2-46A7-80E6-54B29132F250}.Release|Any CPU.ActiveCfg = Release|Any CPU
		{A96553FE-8EF2-46A7-80E6-54B29132F250}.Release|Any CPU.Build.0 = Release|Any CPU
		{E784EFDA-287D-4F42-9304-A76BE16102A2}.Debug|Any CPU.ActiveCfg = Debug|Any CPU
		{E784EFDA-287D-4F42-9304-A76BE16102A2}.Debug|Any CPU.Build.0 = Debug|Any CPU
		{E784EFDA-287D-4F42-9304-A76BE16102A2}.Release|Any CPU.ActiveCfg = Release|Any CPU
		{E784EFDA-287D-4F42-9304-A76BE16102A2}.Release|Any CPU.Build.0 = Release|Any CPU
		{575147B7-334D-4982-B505-671C658A5AF8}.Debug|Any CPU.ActiveCfg = Debug|Any CPU
		{575147B7-334D-4982-B505-671C658A5AF8}.Debug|Any CPU.Build.0 = Debug|Any CPU
		{575147B7-334D-4982-B505-671C658A5AF8}.Release|Any CPU.ActiveCfg = Release|Any CPU
		{575147B7-334D-4982-B505-671C658A5AF8}.Release|Any CPU.Build.0 = Release|Any CPU
		{EEBA0367-6627-4DDE-9A75-AC997447CFD4}.Debug|Any CPU.ActiveCfg = Debug|Any CPU
		{EEBA0367-6627-4DDE-9A75-AC997447CFD4}.Debug|Any CPU.Build.0 = Debug|Any CPU
		{EEBA0367-6627-4DDE-9A75-AC997447CFD4}.Release|Any CPU.ActiveCfg = Release|Any CPU
		{EEBA0367-6627-4DDE-9A75-AC997447CFD4}.Release|Any CPU.Build.0 = Release|Any CPU
		{02D3744C-FF8A-4330-B6D5-AEE3EC2C1D42}.Debug|Any CPU.ActiveCfg = Debug|Any CPU
		{02D3744C-FF8A-4330-B6D5-AEE3EC2C1D42}.Debug|Any CPU.Build.0 = Debug|Any CPU
		{02D3744C-FF8A-4330-B6D5-AEE3EC2C1D42}.Release|Any CPU.ActiveCfg = Release|Any CPU
		{02D3744C-FF8A-4330-B6D5-AEE3EC2C1D42}.Release|Any CPU.Build.0 = Release|Any CPU
		{4B2142F2-969D-42BE-9ADB-4995B90DE563}.Debug|Any CPU.ActiveCfg = Debug|Any CPU
		{4B2142F2-969D-42BE-9ADB-4995B90DE563}.Debug|Any CPU.Build.0 = Debug|Any CPU
		{4B2142F2-969D-42BE-9ADB-4995B90DE563}.Release|Any CPU.ActiveCfg = Release|Any CPU
		{4B2142F2-969D-42BE-9ADB-4995B90DE563}.Release|Any CPU.Build.0 = Release|Any CPU
		{86BC6E1E-6717-4271-946F-E9FEAD775BEC}.Debug|Any CPU.ActiveCfg = Debug|Any CPU
		{86BC6E1E-6717-4271-946F-E9FEAD775BEC}.Debug|Any CPU.Build.0 = Debug|Any CPU
		{86BC6E1E-6717-4271-946F-E9FEAD775BEC}.Release|Any CPU.ActiveCfg = Release|Any CPU
		{86BC6E1E-6717-4271-946F-E9FEAD775BEC}.Release|Any CPU.Build.0 = Release|Any CPU
		{949D17D1-80FC-4E9F-94AF-9D934B2A9482}.Debug|Any CPU.ActiveCfg = Debug|Any CPU
		{949D17D1-80FC-4E9F-94AF-9D934B2A9482}.Debug|Any CPU.Build.0 = Debug|Any CPU
		{949D17D1-80FC-4E9F-94AF-9D934B2A9482}.Release|Any CPU.ActiveCfg = Release|Any CPU
		{949D17D1-80FC-4E9F-94AF-9D934B2A9482}.Release|Any CPU.Build.0 = Release|Any CPU
	EndGlobalSection
	GlobalSection(NestedProjects) = preSolution
		{C539C2BB-5FF5-45B1-9D16-C8E0F2FBDD41} = {8EBB6475-2F6E-44CF-ABEB-C21A05B26825}
		{59865DA5-DDC2-4B6A-B275-21E025C54BE8} = {E8263C69-F8DE-4319-B7BD-DED6BA0401B4}
		{86D7DC74-FF00-4CF6-97C8-548E610C79DD} = {E8263C69-F8DE-4319-B7BD-DED6BA0401B4}
		{B415C297-2A20-4D87-8CC1-710EDF97CFAB} = {09D2BF57-FE3E-4453-A8C5-C6FE30E8E88C}
		{328DBFD9-56BA-4E69-B0FD-D5EB45BF4846} = {09D2BF57-FE3E-4453-A8C5-C6FE30E8E88C}
		{4270A063-0CF0-44E2-A697-96A5B7BCD126} = {09D2BF57-FE3E-4453-A8C5-C6FE30E8E88C}
		{D4718F75-C1C3-409E-A099-B8FA6E6D15C5} = {09D2BF57-FE3E-4453-A8C5-C6FE30E8E88C}
		{293B6B04-ABE3-4C24-B8C0-93707C29CB5E} = {8EBB6475-2F6E-44CF-ABEB-C21A05B26825}
		{D7251005-DBDD-414E-A737-A775C0505037} = {8EBB6475-2F6E-44CF-ABEB-C21A05B26825}
		{442669E8-AD37-4479-B3D2-49F166442549} = {8EBB6475-2F6E-44CF-ABEB-C21A05B26825}
		{24091325-714F-4C0A-91B5-F17359ACF177} = {8EBB6475-2F6E-44CF-ABEB-C21A05B26825}
		{A1B2C3D4-E5F6-7890-ABCD-EF1234567890} = {09D2BF57-FE3E-4453-A8C5-C6FE30E8E88C}
		{CF37D574-6377-4BA5-9449-0661E97DB7F2} = {8EBB6475-2F6E-44CF-ABEB-C21A05B26825}
		{DAC9FDA5-CC14-49D3-87F8-C03DB38D4868} = {58D4A50D-943D-427B-999E-178DC2F65C4D}
		{3B23420F-86D4-46AD-846F-854423C7B06F} = {8EBB6475-2F6E-44CF-ABEB-C21A05B26825}
		{D217C115-1D1F-4883-AD81-DED2E5A15A18} = {2117093A-CC66-4607-8DBC-F692E0642ADD}
		{5D113E34-0153-4064-8B4D-04F344337182} = {2117093A-CC66-4607-8DBC-F692E0642ADD}
		{955EF134-EA4C-472A-B972-43C0160C8271} = {2117093A-CC66-4607-8DBC-F692E0642ADD}
		{66EC6D71-4BAE-4FC1-BBE4-DC65A1254A11} = {2117093A-CC66-4607-8DBC-F692E0642ADD}
		{AB507002-3328-4E30-ABD4-F46AD48726AC} = {2117093A-CC66-4607-8DBC-F692E0642ADD}
		{1F443676-D19E-4314-872C-870EBE2BBD64} = {2117093A-CC66-4607-8DBC-F692E0642ADD}
		{CC19A0E2-39CB-4CAB-9ACF-0D9C5365E74B} = {2117093A-CC66-4607-8DBC-F692E0642ADD}
		{0BAE0500-D6B5-4AA7-9049-250E41134889} = {2117093A-CC66-4607-8DBC-F692E0642ADD}
		{A96553FE-8EF2-46A7-80E6-54B29132F250} = {2117093A-CC66-4607-8DBC-F692E0642ADD}
		{E784EFDA-287D-4F42-9304-A76BE16102A2} = {2117093A-CC66-4607-8DBC-F692E0642ADD}
		{575147B7-334D-4982-B505-671C658A5AF8} = {2117093A-CC66-4607-8DBC-F692E0642ADD}
		{EEBA0367-6627-4DDE-9A75-AC997447CFD4} = {2117093A-CC66-4607-8DBC-F692E0642ADD}
		{02D3744C-FF8A-4330-B6D5-AEE3EC2C1D42} = {2117093A-CC66-4607-8DBC-F692E0642ADD}
		{4B2142F2-969D-42BE-9ADB-4995B90DE563} = {2117093A-CC66-4607-8DBC-F692E0642ADD}
		{86BC6E1E-6717-4271-946F-E9FEAD775BEC} = {2117093A-CC66-4607-8DBC-F692E0642ADD}
		{949D17D1-80FC-4E9F-94AF-9D934B2A9482} = {2117093A-CC66-4607-8DBC-F692E0642ADD}
	EndGlobalSection
EndGlobal
